
Microsoft Visual Studio Solution File, Format Version 12.00
# Visual Studio Version 16
VisualStudioVersion = 16.0.29905.134
MinimumVisualStudioVersion = 10.0.40219.1
Project("{FAE04EC0-301F-11D3-BF4B-00C04F79EFBC}") = "MpfLib", "MpfLib.csproj", "{4886C204-99C9-40AB-A71F-043AF931CBF7}"
EndProject
Project("{FAE04EC0-301F-11D3-BF4B-00C04F79EFBC}") = "MpfTest", "..\MpfTest\MpfTest.csproj", "{4C2E8223-2378-4926-90F3-5774809E43B7}"
EndProject
Global
	GlobalSection(SolutionConfigurationPlatforms) = preSolution
		Debug|Any CPU = Debug|Any CPU
		Release|Any CPU = Release|Any CPU
	EndGlobalSection
	GlobalSection(ProjectConfigurationPlatforms) = postSolution
		{4886C204-99C9-40AB-A71F-043AF931CBF7}.Debug|Any CPU.ActiveCfg = Debug|Any CPU
		{4886C204-99C9-40AB-A71F-043AF931CBF7}.Debug|Any CPU.Build.0 = Debug|Any CPU
		{4886C204-99C9-40AB-A71F-043AF931CBF7}.Release|Any CPU.ActiveCfg = Release|Any CPU
		{4886C204-99C9-40AB-A71F-043AF931CBF7}.Release|Any CPU.Build.0 = Release|Any CPU
		{4C2E8223-2378-4926-90F3-5774809E43B7}.Debug|Any CPU.ActiveCfg = Debug|Any CPU
		{4C2E8223-2378-4926-90F3-5774809E43B7}.Debug|Any CPU.Build.0 = Debug|Any CPU
		{4C2E8223-2378-4926-90F3-5774809E43B7}.Release|Any CPU.ActiveCfg = Release|Any CPU
		{4C2E8223-2378-4926-90F3-5774809E43B7}.Release|Any CPU.Build.0 = Release|Any CPU
	EndGlobalSection
	GlobalSection(SolutionProperties) = preSolution
		HideSolutionNode = FALSE
	EndGlobalSection
	GlobalSection(ExtensibilityGlobals) = postSolution
		SolutionGuid = {EB78F854-521D-4D3F-BC98-B59FD2E14BE5}
	EndGlobalSection
EndGlobal
